
Microsoft Visual Studio Solution File, Format Version 12.00
# Visual Studio Version 17
VisualStudioVersion = 17.3.32811.315
MinimumVisualStudioVersion = 10.0.40219.1
Project("{FAE04EC0-301F-11D3-BF4B-00C04F79EFBC}") = "05 fruit machine", "05 fruit machine\05 fruit machine.csproj", "{3B0923A1-431B-4BDD-ABF0-6D38AE7E7C20}"
EndProject
Global
	GlobalSection(SolutionConfigurationPlatforms) = preSolution
		Debug|Any CPU = Debug|Any CPU
		Release|Any CPU = Release|Any CPU
	EndGlobalSection
	GlobalSection(ProjectConfigurationPlatforms) = postSolution
		{3B0923A1-431B-4BDD-ABF0-6D38AE7E7C20}.Debug|Any CPU.ActiveCfg = Debug|Any CPU
		{3B0923A1-431B-4BDD-ABF0-6D38AE7E7C20}.Debug|Any CPU.Build.0 = Debug|Any CPU
		{3B0923A1-431B-4BDD-ABF0-6D38AE7E7C20}.Release|Any CPU.ActiveCfg = Release|Any CPU
		{3B0923A1-431B-4BDD-ABF0-6D38AE7E7C20}.Release|Any CPU.Build.0 = Release|Any CPU
	EndGlobalSection
	GlobalSection(SolutionProperties) = preSolution
		HideSolutionNode = FALSE
	EndGlobalSection
	GlobalSection(ExtensibilityGlobals) = postSolution
		SolutionGuid = {1C826BFD-B528-4516-8CC2-0CDFBA0469BD}
	EndGlobalSection
EndGlobal
